
Microsoft Visual Studio Solution File, Format Version 12.00
# Visual Studio Version 17
VisualStudioVersion = 17.14.36623.8 d17.14
MinimumVisualStudioVersion = 10.0.40219.1
Project("{8BC9CEB8-8B4A-11D0-8D11-00A0C91BC942}") = "Project_1011", "Project_1011\Project_1011.vcxproj", "{5A782B2B-B27D-48BA-A7CA-B458E7A87FB4}"
EndProject
Global
	GlobalSection(SolutionConfigurationPlatforms) = preSolution
		Debug|x64 = Debug|x64
		Debug|x86 = Debug|x86
		Release|x64 = Release|x64
		Release|x86 = Release|x86
	EndGlobalSection
	GlobalSection(ProjectConfigurationPlatforms) = postSolution
		{5A782B2B-B27D-48BA-A7CA-B458E7A87FB4}.Debug|x64.ActiveCfg = Debug|x64
		{5A782B2B-B27D-48BA-A7CA-B458E7A87FB4}.Debug|x64.Build.0 = Debug|x64
		{5A782B2B-B27D-48BA-A7CA-B458E7A87FB4}.Debug|x86.ActiveCfg = Debug|Win32
		{5A782B2B-B27D-48BA-A7CA-B458E7A87FB4}.Debug|x86.Build.0 = Debug|Win32
		{5A782B2B-B27D-48BA-A7CA-B458E7A87FB4}.Release|x64.ActiveCfg = Release|x64
		{5A782B2B-B27D-48BA-A7CA-B458E7A87FB4}.Release|x64.Build.0 = Release|x64
		{5A782B2B-B27D-48BA-A7CA-B458E7A87FB4}.Release|x86.ActiveCfg = Release|Win32
		{5A782B2B-B27D-48BA-A7CA-B458E7A87FB4}.Release|x86.Build.0 = Release|Win32
	EndGlobalSection
	GlobalSection(SolutionProperties) = preSolution
		HideSolutionNode = FALSE
	EndGlobalSection
	GlobalSection(ExtensibilityGlobals) = postSolution
		SolutionGuid = {9BABB2CD-F24C-45EE-89F7-28AEF818E52F}
	EndGlobalSection
EndGlobal
